# This file is generated by running "yarn install" inside your project.
# Manual changes might be lost - proceed with caution!

__metadata:
  version: 8
  cacheKey: 10c0

"@babel/code-frame@npm:^7.0.0":
  version: 7.27.1
  resolution: "@babel/code-frame@npm:7.27.1"
  dependencies:
    "@babel/helper-validator-identifier": "npm:^7.27.1"
    js-tokens: "npm:^4.0.0"
    picocolors: "npm:^1.1.1"
  checksum: 10c0/5dd9a18baa5fce4741ba729acc3a3272c49c25cb8736c4b18e113099520e7ef7b545a4096a26d600e4416157e63e87d66db46aa3fbf0a5f2286da2705c12da00
  languageName: node
  linkType: hard

"@babel/helper-string-parser@npm:^7.27.1":
  version: 7.27.1
  resolution: "@babel/helper-string-parser@npm:7.27.1"
  checksum: 10c0/8bda3448e07b5583727c103560bcf9c4c24b3c1051a4c516d4050ef69df37bb9a4734a585fe12725b8c2763de0a265aa1e909b485a4e3270b7cfd3e4dbe4b602
  languageName: node
  linkType: hard

"@babel/helper-validator-identifier@npm:^7.27.1, @babel/helper-validator-identifier@npm:^7.28.5":
  version: 7.28.5
  resolution: "@babel/helper-validator-identifier@npm:7.28.5"
  checksum: 10c0/42aaebed91f739a41f3d80b72752d1f95fd7c72394e8e4bd7cdd88817e0774d80a432451bcba17c2c642c257c483bf1d409dd4548883429ea9493a3bc4ab0847
  languageName: node
  linkType: hard

"@babel/parser@npm:^7.29.0":
  version: 7.29.0
  resolution: "@babel/parser@npm:7.29.0"
  dependencies:
    "@babel/types": "npm:^7.29.0"
  bin:
    parser: ./bin/babel-parser.js
  checksum: 10c0/333b2aa761264b91577a74bee86141ef733f9f9f6d4fc52548e4847dc35dfbf821f58c46832c637bfa712a6c0b6decc1619584
  languageName: node
  linkType: hard

"@babel/types@npm:^7.29.0":
  version: 7.29.0
  resolution: "@babel/types@npm:7.29.0"
  dependencies:
    "@babel/helper-string-parser": "npm:^7.27.1"
    "@babel/helper-validator-identifier": "npm:^7.28.5"
  checksum: 10c0/23cc3466e83bcbfab8b9bd0edaafdb5d4efdb88b92f93f7e94b31bca2029c4e9b4f
  languageName: node
  linkType: hard

"@bcoe/v8-coverage@npm:^1.0.2":
  version: 1.0.2
  resolution: "@bcoe/v8-coverage@npm:1.0.2"
  checksum: 10c0/1eb1dc93cc17fb7abdcef21a6e7b867d6aa99a7ec88ec8207402b23d9083ab22a8011213f04b2cf26d535f1d22dc26139b7929e6c2134c254bd1e14ba5e678c3
  languageName: node
  linkType: hard

"@commitlint/cli@npm:^20.5.0":
  version: 20.5.0
  resolution: "@commitlint/cli@npm:20.5.0"
  dependencies:
    "@commitlint/format": "npm:^20.5.0"
    "@commitlint/lint": "npm:^20.5.0"
    "@commitlint/load": "npm:^20.5.0"
    "@commitlint/read": "npm:^20.5.0"
    "@commitlint/types": "npm:^20.5.0"
    tinyexec: "npm:^1.0.0"
    yargs: "npm:^17.0.0"
  bin:
    commitlint: ./cli.js
  checksum: 10c0/9676c2544f6b73c71ba2fcfe531333c0f0e6b687acbf1c8f616b605bba0e55e60b1896f4400c57f9fe7f6676d2b8b2b36ffb8e6c89509740f26e0bae1437667c
  languageName: node
  linkType: hard

"@commitlint/config-conventional@npm:^20.5.0":
  version: 20.5.0
  resolution: "@commitlint/config-conventional@npm:20.5.0"
  dependencies:
    "@commitlint/types": "npm:^20.5.0"
    conventional-changelog-conventionalcommits: "npm:^9.2.0"
  checksum: 10c0/3d5343243a02fd44c25f3b28f92a93f224334fc43418a88d7f4aaa17a921f
  languageName: node
  linkType: hard

"@commitlint/config-validator@npm:^20.5.0":
  version: 20.5.0
  resolution: "@commitlint/config-validator@npm:^20.5.0"
  dependencies:
    "@commitlint/types": "npm:^20.5.0"
    ajv: "npm:^8.11.0"
  checksum: 10c0/3acf6903933ca8a76d5b6297a3a6901d0be213ab28d1f651ff1a479a1e80868db0fa99d169e31fb5cf419b65806354b6d0fafa3d39a8e2fe4aaf3bc07b078b2
  languageName: node
  linkType: hard

"@commitlint/ensure@npm:^20.5.0":
  version: 20.5.0
  resolution: "@commitlint/ensure@npm:^20.5.0"
  dependencies:
    "@commitlint/types": "npm:^20.5.0"
    lodash.camelcase: "npm:^4.3.0"
    lodash.kebabcase: "npm:^4.1.1"
    lodash.snakecase: "npm:^4.1.1"
    lodash.startcase: "npm:^4.4.0"
    lodash.upperfirst: "npm:^4.3.1"
  checksum: 10c0/c80c0a49e1396030220560b1e6b51373233a505eb7a41753edb97799a00d657454ae8db894ee052ba0847
  languageName: node
  linkType: hard

"@commitlint/execute-rule@npm:^20.0.0":
  version: 20.0.0
  resolution: "@commitlint/execute-rule@npm:20.0.0"
  checksum: 10c0/a1035ae9d6842489e617f18b244e6e53ac44b051b54501b9544019d33da924c877d7b893bfa2a66ad325a9c2ff65b11137d5383743e31d3e0b606decc1619584
  languageName: node
  linkType: hard

"@commitlint/format@npm:^20.5.0":
  version: 20.5.0
  resolution: "@commitlint/format@npm:^20.5.0"
  dependencies:
    "@commitlint/types": "npm:^20.5.0"
    picocolors: "npm:^1.1.1"
  checksum: 10c0/033aa1d61b2b33f026450d444924e1844bf50a7ec4f9c9dd3faa8a10d8d0e2a6951e8f18725c44afcc046a7fb5b52a60d7d8a3b28f92a93f725386aa080ec55f
  languageName: node
  linkType: hard

"@commitlint/is-ignored@npm:^20.5.0":
  version: 20.5.0
  resolution: "@commitlint/is-ignored@npm:^20.5.0"
  dependencies:
    "@commitlint/types": "npm:^20.5.0"
    semver: "npm:^7.6.0"
  checksum: 10c0/ccd0da50ba741b4e01b3aa5a1e80868db0fa99d169e31fb5cf419b65806354b6d0fafa3d39a8e2fe4aaf3bc07b078b2
  languageName: node
  linkType: hard

"@commitlint/lint@npm:^20.5.0":
  version: 20.5.0
  resolution: "@commitlint/lint@npm:^20.5.0"
  dependencies:
    "@commitlint/is-ignored": "npm:^20.5.0"
    "@commitlint/parse": "npm:^20.5.0"
    "@commitlint/rules": "npm:^20.5.0"
    "@commitlint/types": "npm:^20.5.0"
  checksum: 10c0/dadd0b74314fdfe07371197bc8d7f572000053aca31e207fb57
  languageName: node
  linkType: hard

"@commitlint/load@npm:^20.5.0":
  version: 20.5.0
  resolution: "@commitlint/load@npm:^20.5.0"
  dependencies:
    "@commitlint/config-validator": "npm:^20.5.0"
    "@commitlint/execute-rule": "npm:^20.0.0"
    "@commitlint/resolve-extends": "npm:^20.5.0"
    "@commitlint/types": "npm:^20.5.0"
    cosmiconfig: "npm:^9.0.1"
    cosmiconfig-typescript-loader: "npm:^6.1.0"
    is-plain-obj: "npm:^4.1.0"
    lodash.mergewith: "npm:^4.6.2"
    picocolors: "npm:^1.1.1"
  checksum: 10c0/7350c612c6654cb25a627c15538fa5454696adb92cee7d0d76f7189f90284334b20cd1c0bee2204348fc7a5fbf093c9b8a5e9f9c87b552be429529ebba5dff00
  languageName: node
  linkType: hard

"@commitlint/message@npm:^20.4.3":
  version: 20.4.3
  resolution: "@commitlint/message@npm:^20.4.3"
  checksum: 10c0/16f7a67d17df916830a9d6b2cdbaef0d680afcc47e9de53b18c7580bcbb50d8241b86c0e26a4ae71bd1d4a1025b318eb6c920e75fbc97aee7341744d4ef5dcbc
  languageName: node
  linkType: hard

"@commitlint/parse@npm:^20.5.0":
  version: 20.5.0
  resolution: "@commitlint/parse@npm:^20.5.0"
  dependencies:
    "@commitlint/types": "npm:^20.5.0"
    conventional-changelog-angular: "npm:^8.2.0"
    conventional-commits-parser: "npm:^6.3.0"
  checksum: 10c0/6a762c1e618847f6844bad3b32ec67ddb0d77196afcfc1f4b2b7246a6199bc482530d50162e0f380f88238ec46c0bfcaa4e1f7a229288d206439688696ad0953
  languageName: node
  linkType: hard

"@commitlint/read@npm:^20.5.0":
  version: 20.5.0
  resolution: "@commitlint/read@npm:^20.5.0"
  dependencies:
    "@commitlint/top-level": "npm:^20.4.3"
    "@commitlint/types": "npm:^20.5.0"
    git-raw-commits: "npm:^5.0.0"
    minimist: "npm:^1.2.8"
    tinyexec: "npm:^1.0.0"
  checksum: 10c0/99027e6c36af9353c9dd6abf782834a6ac017bf12013efa7001c31782847d5b3e63938b9c6e133506cc6747e3e306bbd32789ec5678e77235818c564232ced13
  languageName: node
  linkType: hard

"@commitlint/resolve-extends@npm:^20.5.0":
  version: 20.5.0
  resolution: "@commitlint/resolve-extends@npm:^20.5.0"
  dependencies:
    "@commitlint/config-validator": "npm:^20.5.0"
    "@commitlint/types": "npm:^20.5.0"
    global-directory: "npm:^4.0.1"
    import-meta-resolve: "npm:^4.0.0"
    lodash.mergewith: "npm:^4.6.2"
    resolve-from: "npm:^5.0.0"
  checksum: 10c0/0ad1a5099104189c72679199a3c45494fc7ee37a228941537f7b8593a8395f70dcdaa1bdb68200bb996d2b372922e1ec9a7294274aa5d70851f2d3dd7eb0123d
  languageName: node
  linkType: hard

"@commitlint/rules@npm:^20.5.0":
  version: 20.5.0
  resolution: "@commitlint/rules@npm:^20.5.0"
  dependencies:
    "@commitlint/ensure": "npm:^20.5.0"
    "@commitlint/message": "npm:^20.4.3"
    "@commitlint/to-lines": "npm:^20.0.0"
    "@commitlint/types": "npm:^20.5.0"
  checksum: 10c0/8cdde213b2de37ce212de37b204c773ea470e0c5
  languageName: node
  linkType: hard

"@commitlint/to-lines@npm:^20.0.0":
  version: 20.0.0
  resolution: "@commitlint/to-lines@npm:^20.0.0"
  checksum: 10c0/49bc05eb0649adc6f4740a4f3976cc43402080bd9d90567c654180f90c0b6deb9a922b0efbde38567ac1def8f63cc506589124cc7f862e3914d30e13f29997c0
  languageName: node
  linkType: hard

"@commitlint/top-level@npm:^20.4.3":
  version: 20.4.3
  resolution: "@commitlint/top-level@npm:^20.4.3"
  dependencies:
    escalade: "npm:^3.2.0"
  checksum: 10c0/52a1f59677d3d2e4bfd998bbde6e7e3848ce52372c7bd394ad24555820cadbf6820886bc33bf42a8c73878c6f0b211334ce93c4f4fbf6d8e8022b72c5c39ebd5
  languageName: node
  linkType: hard

"@commitlint/types@npm:^20.5.0":
  version: 20.5.0
  resolution: "@commitlint/types@npm:^20.5.0"
  dependencies:
    conventional-commits-parser: "npm:^6.3.0"
    picocolors: "npm:^1.1.1"
  checksum: 10c0/682913a179074251a65990ce37f784849375ba02d5d80a77299580fb34781747cc48087c3516023b748fd76ef38d3b5c26863767532ed739565cb5a80605cb44
  languageName: node
  linkType: hard

"@conventional-changelog/git-client@npm:^2.5.1, @conventional-changelog/git-client@npm:^2.6.0":
  version: 2.7.0
  resolution: "@conventional-changelog/git-client@npm:2.7.0"
  dependencies:
    "@simple-libs/child-process-utils": "npm:^1.0.0"
    "@simple-libs/stream-utils": "npm:^1.2.0"
    semver: "npm:^7.5.2"
  peerDependencies:
    conventional-commits-filter: ^5.0.0
    conventional-commits-parser: ^6.4.0
  peerDependenciesMeta:
    conventional-commits-filter:
      optional: true
    conventional-commits-parser:
      optional: true
  checksum: 10c0/798097baa08a13311989e803451b9a8e602f404fcde1ec9fef609512625674c2d2a2f4368fbe00754a36f255e5b93dd852e7d3f2a9814215f9887ffa55c93993
  languageName: node
  linkType: hard
